
Microsoft Visual Studio Solution File, Format Version 12.00
# Visual Studio Version 16
VisualStudioVersion = 16.0.31019.35
MinimumVisualStudioVersion = 10.0.40219.1
Project("{FAE04EC0-301F-11D3-BF4B-00C04F79EFBC}") = "Program_Transkacije", "Program_Transkacije\Program_Transkacije.csproj", "{5E970F98-D5B0-4AD4-89B3-DD3ED12161D3}"
EndProject
Project("{54435603-DBB4-11D2-8724-00A0C9A8B90C}") = "Install_Program", "Install_Program\Install_Program.vdproj", "{3CB5CF05-5697-4272-A41D-449E490B19E7}"
EndProject
Global
	GlobalSection(SolutionConfigurationPlatforms) = preSolution
		Debug|Any CPU = Debug|Any CPU
		Release|Any CPU = Release|Any CPU
	EndGlobalSection
	GlobalSection(ProjectConfigurationPlatforms) = postSolution
		{5E970F98-D5B0-4AD4-89B3-DD3ED12161D3}.Debug|Any CPU.ActiveCfg = Debug|Any CPU
		{5E970F98-D5B0-4AD4-89B3-DD3ED12161D3}.Debug|Any CPU.Build.0 = Debug|Any CPU
		{5E970F98-D5B0-4AD4-89B3-DD3ED12161D3}.Release|Any CPU.ActiveCfg = Release|Any CPU
		{5E970F98-D5B0-4AD4-89B3-DD3ED12161D3}.Release|Any CPU.Build.0 = Release|Any CPU
		{3CB5CF05-5697-4272-A41D-449E490B19E7}.Debug|Any CPU.ActiveCfg = Debug
		{3CB5CF05-5697-4272-A41D-449E490B19E7}.Release|Any CPU.ActiveCfg = Release
	EndGlobalSection
	GlobalSection(SolutionProperties) = preSolution
		HideSolutionNode = FALSE
	EndGlobalSection
	GlobalSection(ExtensibilityGlobals) = postSolution
		SolutionGuid = {E01C9CBC-7E3B-4320-9261-552736DDB034}
	EndGlobalSection
EndGlobal
